
Microsoft Visual Studio Solution File, Format Version 12.00
# Visual Studio Version 17
VisualStudioVersion = 17.0.31903.59
MinimumVisualStudioVersion = 10.0.40219.1
Project("{FAE04EC0-301F-11D3-BF4B-00C04F79EFBC}") = "API", "API\API.csproj", "{2A79169A-3EB9-4339-83A0-486AD6EC3F95}"
EndProject
Project("{FAE04EC0-301F-11D3-BF4B-00C04F79EFBC}") = "Infrastructure", "Infrastructure\Infrastructure.csproj", "{6299D2A4-D34E-4C4B-BBE7-CBB0DF8B3DB3}"
EndProject
Project("{FAE04EC0-301F-11D3-BF4B-00C04F79EFBC}") = "Core", "Core\Core.csproj", "{51471F00-A90E-47DD-8930-7CE070B78401}"
EndProject
Global
	GlobalSection(SolutionConfigurationPlatforms) = preSolution
		Debug|Any CPU = Debug|Any CPU
		Release|Any CPU = Release|Any CPU
	EndGlobalSection
	GlobalSection(SolutionProperties) = preSolution
		HideSolutionNode = FALSE
	EndGlobalSection
	GlobalSection(ProjectConfigurationPlatforms) = postSolution
		{2A79169A-3EB9-4339-83A0-486AD6EC3F95}.Debug|Any CPU.ActiveCfg = Debug|Any CPU
		{2A79169A-3EB9-4339-83A0-486AD6EC3F95}.Debug|Any CPU.Build.0 = Debug|Any CPU
		{2A79169A-3EB9-4339-83A0-486AD6EC3F95}.Release|Any CPU.ActiveCfg = Release|Any CPU
		{2A79169A-3EB9-4339-83A0-486AD6EC3F95}.Release|Any CPU.Build.0 = Release|Any CPU
		{6299D2A4-D34E-4C4B-BBE7-CBB0DF8B3DB3}.Debug|Any CPU.ActiveCfg = Debug|Any CPU
		{6299D2A4-D34E-4C4B-BBE7-CBB0DF8B3DB3}.Debug|Any CPU.Build.0 = Debug|Any CPU
		{6299D2A4-D34E-4C4B-BBE7-CBB0DF8B3DB3}.Release|Any CPU.ActiveCfg = Release|Any CPU
		{6299D2A4-D34E-4C4B-BBE7-CBB0DF8B3DB3}.Release|Any CPU.Build.0 = Release|Any CPU
		{51471F00-A90E-47DD-8930-7CE070B78401}.Debug|Any CPU.ActiveCfg = Debug|Any CPU
		{51471F00-A90E-47DD-8930-7CE070B78401}.Debug|Any CPU.Build.0 = Debug|Any CPU
		{51471F00-A90E-47DD-8930-7CE070B78401}.Release|Any CPU.ActiveCfg = Release|Any CPU
		{51471F00-A90E-47DD-8930-7CE070B78401}.Release|Any CPU.Build.0 = Release|Any CPU
	EndGlobalSection
EndGlobal
